github.com/secr3t/otcommerce-client v0.3.1 h1:4FrDm7KiVjZuQ7bBTA3O/mqSFToZJz26H+VkdTKV17I=
github.com/secr3t/otcommerce-client v0.3.1/go.mod h1:lHxkEMf9yqCK+QNJwOFSoZp6xsW7OceJShGmOHS2810=
github.com/tidwall/gjson v1.8.1/go.mod h1:5/xDoumyyDNerp2U36lyolv46b3uF/9Bu6OfyQ9GImk=
github.com/tidwall/gjson v1.9.1 h1:wrrRk7TyL7MmKanNRck/Mcr3VU1sdMvJHvJXzqBIUNo=
github.com/tidwall/gjson v1.9.1/go.mod h1:jydLKE7s8J0+1/5jC4eXcuFlzKizGrCKvLmBVX/5oXc=
github.com/tidwall/match v1.0.3 h1:FQUVvBImDutD8wJLN6c5eMzWtjgONK9MwIBCOrUJKeE=
github.com/tidwall/match v1.0.3/go.mod h1:eRSPERbgtNPcGhD8UCthc6PmLEQXEWd3PRB5JTxsfmM=
github.com/tidwall/pretty v1.1.0/go.mod h1:XNkn88O1ChpSDQmQeStsy+sBenx6DDtFZJxhVysOjyk=
github.com/tidwall/pretty v1.2.0 h1:RWIZEg2iJ8/g6fDDYzMpobmaoGh5OLl4AXtGUGPcqCs=
github.com/tidwall/pretty v1.2.0/go.mod h1:ITEVvHYasfjBbM0u2Pg8T2nJnzm8xPwvNhhsoaGGjNU=
golang.org/x/sync v0.0.0-20210220032951-036812b2e83c h1:5KslGYwFpkhGh+Q16bwMP3cOontH8FOep7tGV86Y7SQ=
golang.org/x/sync v0.0.0-20210220032951-036812b2e83c/go.mod h1:RxMgew5VJxzue5/jJTE5uejpjVlOe/izrB70Jof72aM=
